<?xml version="1.0" encoding="utf-8"?>
<Project xmlns="http://schemas.microsoft.com/developer/msbuild/2003">
  <ItemGroup>
    <Filter Include="Form Files">
      <UniqueIdentifier>{99349809-55BA-4b9d-BF79-8FDBB0286EB3}</UniqueIdentifier>
      <Extensions>ui</Extensions>
      <ParseFiles>false</ParseFiles>
    </Filter>
    <Filter Include="Form Files">
      <UniqueIdentifier>{99349809-55BA-4b9d-BF79-8FDBB0286EB3}</UniqueIdentifier>
      <Extensions>ui</Extensions>
      <ParseFiles>false</ParseFiles>
    </Filter>
    <Filter Include="Generated Files">
      <UniqueIdentifier>{71ED8ED8-ACB9-4CE9-BBE1-E00B30144E11}</UniqueIdentifier>
      <Extensions>cpp;c;cxx;moc;h;def;odl;idl;res;</Extensions>
    </Filter>
    <Filter Include="Generated Files">
      <UniqueIdentifier>{71ED8ED8-ACB9-4CE9-BBE1-E00B30144E11}</UniqueIdentifier>
      <Extensions>cpp;c;cxx;moc;h;def;odl;idl;res;</Extensions>
    </Filter>
    <Filter Include="Header Files">
      <UniqueIdentifier>{93995380-89BD-4b04-88EB-625FBE52EBFB}</UniqueIdentifier>
      <Extensions>h;hpp;hxx;hm;inl;inc;xsd</Extensions>
    </Filter>
    <Filter Include="Header Files">
      <UniqueIdentifier>{93995380-89BD-4b04-88EB-625FBE52EBFB}</UniqueIdentifier>
      <Extensions>h;hpp;hxx;hm;inl;inc;xsd</Extensions>
    </Filter>
    <Filter Include="Resource Files">
      <UniqueIdentifier>{D9D6E242-F8AF-46E4-B9FD-80ECBC20BA3E}</UniqueIdentifier>
      <Extensions>qrc;*</Extensions>
      <ParseFiles>false</ParseFiles>
    </Filter>
    <Filter Include="Resource Files">
      <UniqueIdentifier>{D9D6E242-F8AF-46E4-B9FD-80ECBC20BA3E}</UniqueIdentifier>
      <Extensions>qrc;*</Extensions>
      <ParseFiles>false</ParseFiles>
    </Filter>
    <Filter Include="Source Files">
      <UniqueIdentifier>{4FC737F1-C7A5-4376-A066-2A32D752A2FF}</UniqueIdentifier>
      <Extensions>cpp;c;cxx;def;odl;idl;hpj;bat;asm;asmx</Extensions>
    </Filter>
    <Filter Include="Source Files">
      <UniqueIdentifier>{4FC737F1-C7A5-4376-A066-2A32D752A2FF}</UniqueIdentifier>
      <Extensions>cpp;c;cxx;def;odl;idl;hpj;bat;asm;asmx</Extensions>
    </Filter>
    <Filter Include="Distribution Files">
      <UniqueIdentifier>{B83CAF91-C7BF-462F-B76C-EA11631F866C}</UniqueIdentifier>
      <Extensions>*</Extensions>
      <ParseFiles>false</ParseFiles>
    </Filter>
    <Filter Include="Distribution Files">
      <UniqueIdentifier>{B83CAF91-C7BF-462F-B76C-EA11631F866C}</UniqueIdentifier>
      <Extensions>*</Extensions>
      <ParseFiles>false</ParseFiles>
    </Filter>
  </ItemGroup>
  <ItemGroup>
    <ClCompile Include="audioplayer.cpp">
      <Filter>Source Files</Filter>
    </ClCompile>
    <ClCompile Include="bullet.cpp">
      <Filter>Source Files</Filter>
    </ClCompile>
    <ClCompile Include="chooselevelscene.cpp">
      <Filter>Source Files</Filter>
    </ClCompile>
    <ClCompile Include="easy.cpp">
      <Filter>Source Files</Filter>
    </ClCompile>
    <ClCompile Include="easymode.cpp">
      <Filter>Source Files</Filter>
    </ClCompile>
    <ClCompile Include="enemy.cpp">
      <Filter>Source Files</Filter>
    </ClCompile>
    <ClCompile Include="hard.cpp">
      <Filter>Source Files</Filter>
    </ClCompile>
    <ClCompile Include="main.cpp">
      <Filter>Source Files</Filter>
    </ClCompile>
    <ClCompile Include="mainwindow.cpp">
      <Filter>Source Files</Filter>
    </ClCompile>
    <ClCompile Include="plistreader.cpp">
      <Filter>Source Files</Filter>
    </ClCompile>
    <ClCompile Include="tcard.cpp">
      <Filter>Source Files</Filter>
    </ClCompile>
    <ClCompile Include="tower.cpp">
      <Filter>Source Files</Filter>
    </ClCompile>
    <ClCompile Include="towerposition.cpp">
      <Filter>Source Files</Filter>
    </ClCompile>
    <ClCompile Include="utility.cpp">
      <Filter>Source Files</Filter>
    </ClCompile>
    <ClCompile Include="waypoint.cpp">
      <Filter>Source Files</Filter>
    </ClCompile>
  </ItemGroup>
  <ItemGroup>
    <ClInclude Include="audioplayer.h">
      <Filter>Header Files</Filter>
    </ClInclude>
    <QtMoc Include="bullet.h">
      <Filter>Header Files</Filter>
    </QtMoc>
    <QtMoc Include="chooselevelscene.h">
      <Filter>Header Files</Filter>
    </QtMoc>
    <QtMoc Include="easy.h">
      <Filter>Header Files</Filter>
    </QtMoc>
    <QtMoc Include="easymode.h">
      <Filter>Header Files</Filter>
    </QtMoc>
    <QtMoc Include="enemy.h">
      <Filter>Header Files</Filter>
    </QtMoc>
    <QtMoc Include="hard.h">
      <Filter>Header Files</Filter>
    </QtMoc>
    <QtMoc Include="mainwindow.h">
      <Filter>Header Files</Filter>
    </QtMoc>
    <ClInclude Include="plistreader.h">
      <Filter>Header Files</Filter>
    </ClInclude>
    <ClInclude Include="tcard.h">
      <Filter>Header Files</Filter>
    </ClInclude>
    <QtMoc Include="tower.h">
      <Filter>Header Files</Filter>
    </QtMoc>
    <ClInclude Include="towerposition.h">
      <Filter>Header Files</Filter>
    </ClInclude>
    <ClInclude Include="utility.h">
      <Filter>Header Files</Filter>
    </ClInclude>
    <ClInclude Include="waypoint.h">
      <Filter>Header Files</Filter>
    </ClInclude>
  </ItemGroup>
  <ItemGroup>
    
    
    
    
    
    
    
    
    
    
    
    
    
    
    <CustomBuild Include="debug\moc_predefs.h.cbt">
      <Filter>Generated Files</Filter>
    </CustomBuild>
    <CustomBuild Include="release\moc_predefs.h.cbt">
      <Filter>Generated Files</Filter>
    </CustomBuild>
    
    
    
    
    
    
    
  </ItemGroup>
  <ItemGroup>
    <QtUic Include="chooselevelscene.ui">
      <Filter>Form Files</Filter>
    </QtUic>
    <QtUic Include="easymode.ui">
      <Filter>Form Files</Filter>
    </QtUic>
    <QtUic Include="mainwindow.ui">
      <Filter>Form Files</Filter>
    </QtUic>
  </ItemGroup>
  <ItemGroup>
    <None Include="music\8bitDungeonLevel.mp3">
      <Filter>Resource Files</Filter>
    </None>
    <None Include="config\HardWaves.plist">
      <Filter>Resource Files</Filter>
    </None>
    <None Include="config\Info.plist">
      <Filter>Resource Files</Filter>
    </None>
    <None Include="music\Lose.mp3">
      <Filter>Resource Files</Filter>
    </None>
    <None Include="config\TowersPosition.plist">
      <Filter>Resource Files</Filter>
    </None>
    <None Include="config\Waves.plist">
      <Filter>Resource Files</Filter>
    </None>
    <None Include="music\Win.mp3">
      <Filter>Resource Files</Filter>
    </None>
    <None Include="images\boss.png">
      <Filter>Resource Files</Filter>
    </None>
    <None Include="music\bossEnemyDie.mp3">
      <Filter>Resource Files</Filter>
    </None>
    <None Include="music\breakdowntower.mp3">
      <Filter>Resource Files</Filter>
    </None>
    <None Include="images\bullet1.png">
      <Filter>Resource Files</Filter>
    </None>
    <None Include="images\bullet2.png">
      <Filter>Resource Files</Filter>
    </None>
    <None Include="images\bullet3.png">
      <Filter>Resource Files</Filter>
    </None>
    <None Include="images\chooseEasy.png">
      <Filter>Resource Files</Filter>
    </None>
    <None Include="images\chooseHard.png">
      <Filter>Resource Files</Filter>
    </None>
    <None Include="images\chooselevelscene.jpg">
      <Filter>Resource Files</Filter>
    </None>
    <None Include="music\chooselevelscene.mp3">
      <Filter>Resource Files</Filter>
    </None>
    <None Include="images\dangao.png">
      <Filter>Resource Files</Filter>
    </None>
    <None Include="config\easyTowersPosition.plist">
      <Filter>Resource Files</Filter>
    </None>
    <None Include="images\easymap.jpg">
      <Filter>Resource Files</Filter>
    </None>
    <None Include="music\easymap.mp3">
      <Filter>Resource Files</Filter>
    </None>
    <None Include="images\enemy1.png">
      <Filter>Resource Files</Filter>
    </None>
    <None Include="images\enemy2.png">
      <Filter>Resource Files</Filter>
    </None>
    <None Include="images\enemy3.png">
      <Filter>Resource Files</Filter>
    </None>
    <None Include="music\enemy_destroy.wav">
      <Filter>Resource Files</Filter>
    </None>
    <None Include="music\fireBullet.mp3">
      <Filter>Resource Files</Filter>
    </None>
    <None Include="music\fireEnemyDie.mp3">
      <Filter>Resource Files</Filter>
    </None>
    <None Include="config\hardTowersPosition.plist">
      <Filter>Resource Files</Filter>
    </None>
    <None Include="images\hardmap.jpg">
      <Filter>Resource Files</Filter>
    </None>
    <None Include="music\hardmap.mp3">
      <Filter>Resource Files</Filter>
    </None>
    <None Include="music\iceBullet.mp3">
      <Filter>Resource Files</Filter>
    </None>
    <None Include="music\iceEnemyDie.mp3">
      <Filter>Resource Files</Filter>
    </None>
    <None Include="images\icon.jpg">
      <Filter>Resource Files</Filter>
    </None>
    <None Include="images\info_bar.png">
      <Filter>Resource Files</Filter>
    </None>
    <None Include="music\laser_shoot.wav">
      <Filter>Resource Files</Filter>
    </None>
    <None Include="images\leave.png">
      <Filter>Resource Files</Filter>
    </None>
    <None Include="images\levelup.png">
      <Filter>Resource Files</Filter>
    </None>
    <None Include="images\life.png">
      <Filter>Resource Files</Filter>
    </None>
    <None Include="music\life_lose.mp3">
      <Filter>Resource Files</Filter>
    </None>
    <None Include="music\life_lose.wav">
      <Filter>Resource Files</Filter>
    </None>
    <None Include="images\lifebar.png">
      <Filter>Resource Files</Filter>
    </None>
    <None Include="images\lose.jpg">
      <Filter>Resource Files</Filter>
    </None>
    <None Include="music\mainwindow.mp3">
      <Filter>Resource Files</Filter>
    </None>
    <None Include="images\menu.jpg">
      <Filter>Resource Files</Filter>
    </None>
    <None Include="images\money.png">
      <Filter>Resource Files</Filter>
    </None>
    <None Include="images\moneybar.png">
      <Filter>Resource Files</Filter>
    </None>
    <None Include="music\normalBullet.mp3">
      <Filter>Resource Files</Filter>
    </None>
    <None Include="music\normalEnemyDie.mp3">
      <Filter>Resource Files</Filter>
    </None>
    <QtRcc Include="resource.qrc">
      <Filter>Resource Files</Filter>
    </QtRcc>
    <None Include="images\return.png">
      <Filter>Resource Files</Filter>
    </None>
    <None Include="images\startgame.png">
      <Filter>Resource Files</Filter>
    </None>
    <None Include="images\tower1.png">
      <Filter>Resource Files</Filter>
    </None>
    <None Include="images\tower1xiao.png">
      <Filter>Resource Files</Filter>
    </None>
    <None Include="images\tower2.png">
      <Filter>Resource Files</Filter>
    </None>
    <None Include="images\tower2xiao.png">
      <Filter>Resource Files</Filter>
    </None>
    <None Include="images\tower3.png">
      <Filter>Resource Files</Filter>
    </None>
    <None Include="images\tower3xiao.png">
      <Filter>Resource Files</Filter>
    </None>
    <None Include="music\tower_place.mp3">
      <Filter>Resource Files</Filter>
    </None>
    <None Include="music\tower_place.wav">
      <Filter>Resource Files</Filter>
    </None>
    <None Include="images\towerbase1.png">
      <Filter>Resource Files</Filter>
    </None>
    <None Include="images\towerbase2.png">
      <Filter>Resource Files</Filter>
    </None>
    <None Include="images\victory.jpg">
      <Filter>Resource Files</Filter>
    </None>
    <None Include="images\wave.png">
      <Filter>Resource Files</Filter>
    </None>
    <None Include="images\wavebar.png">
      <Filter>Resource Files</Filter>
    </None>
  </ItemGroup>
  <ItemGroup>
    <None Include="images\return.png">
      <Filter>Distribution Files</Filter>
    </None>
  </ItemGroup>
  <ItemGroup>
    <ResourceCompile Include="D:\homework\LiuXi_gogogo\LiuXi_gogogo_resource.rc" />
  </ItemGroup>
</Project>